<?xml version="1.0" encoding="utf-8"?>
<Project ToolsVersion="4.0" xmlns="http://schemas.microsoft.com/developer/msbuild/2003">
  <ItemGroup>
    <Filter Include="00.MainGame">
      <UniqueIdentifier>{1e21c614-2250-4cc1-8cde-f750223340ef}</UniqueIdentifier>
    </Filter>
    <Filter Include="99.FrameWorkHeader">
      <UniqueIdentifier>{7f12d1eb-a59f-452e-a783-e123d9c7e7c6}</UniqueIdentifier>
    </Filter>
    <Filter Include="98.Default">
      <UniqueIdentifier>{ff32ddda-e236-4c68-bdeb-062420b455c8}</UniqueIdentifier>
    </Filter>
    <Filter Include="97.Headers">
      <UniqueIdentifier>{bed968ff-0bfb-4020-bb4a-86423e7808da}</UniqueIdentifier>
    </Filter>
    <Filter Include="01.Scene">
      <UniqueIdentifier>{c88b8008-edeb-4740-b37a-ccfafd89b682}</UniqueIdentifier>
    </Filter>
    <Filter Include="02.GameObject">
      <UniqueIdentifier>{4fd03198-27e1-4e7e-9e86-43627483442c}</UniqueIdentifier>
    </Filter>
    <Filter Include="96.Manager">
      <UniqueIdentifier>{ff7f4ec5-9570-4339-863a-63d0a7d2a840}</UniqueIdentifier>
    </Filter>
    <Filter Include="01.Scene\01.Logo">
      <UniqueIdentifier>{c48bb8b5-3632-4432-b881-c6acf44835b7}</UniqueIdentifier>
    </Filter>
    <Filter Include="96.Manager\01.BitMapMgr">
      <UniqueIdentifier>{aca696f1-264b-47af-be31-7d810c45bd78}</UniqueIdentifier>
    </Filter>
    <Filter Include="96.Manager\02.SceneMgr">
      <UniqueIdentifier>{66e5d8de-f1fc-44bf-943d-906bad526338}</UniqueIdentifier>
    </Filter>
    <Filter Include="95.AbstractFactory">
      <UniqueIdentifier>{8e377597-86d3-4af5-a36c-d73cff422bf7}</UniqueIdentifier>
    </Filter>
    <Filter Include="96.Manager\03.GameObjectMgr">
      <UniqueIdentifier>{a3c1f090-e80e-46fd-ba86-df85a315b200}</UniqueIdentifier>
    </Filter>
    <Filter Include="96.Manager\04.KeyMouseMgr">
      <UniqueIdentifier>{731c5ddb-59f6-42ee-ae9b-3d49c0e914d7}</UniqueIdentifier>
    </Filter>
    <Filter Include="96.Manager\05.TimeMgr">
      <UniqueIdentifier>{1d314867-c167-403c-8457-4ef8c02fe2cd}</UniqueIdentifier>
    </Filter>
    <Filter Include="02.GameObject\01.Actor">
      <UniqueIdentifier>{bc9e8d4b-e5f1-4686-ba13-2434a526a91e}</UniqueIdentifier>
    </Filter>
    <Filter Include="02.GameObject\02.UI">
      <UniqueIdentifier>{da94f0a8-2d5b-468a-8316-3576b2d6ad69}</UniqueIdentifier>
    </Filter>
    <Filter Include="02.GameObject\02.UI\01.LogoUI">
      <UniqueIdentifier>{c438e725-7c2f-4d58-bbbc-955ab79ed937}</UniqueIdentifier>
    </Filter>
    <Filter Include="01.Scene\02Help">
      <UniqueIdentifier>{6f917969-f9bb-4ecf-b29a-15f5628897af}</UniqueIdentifier>
    </Filter>
    <Filter Include="02.GameObject\01.Actor\01.Tower">
      <UniqueIdentifier>{7ff3fdd7-c4ca-4a5f-a424-35189b4f0962}</UniqueIdentifier>
    </Filter>
    <Filter Include="02.GameObject\01.Actor\02.Enemy">
      <UniqueIdentifier>{1d236008-c812-455f-b452-8ad089a785b7}</UniqueIdentifier>
    </Filter>
    <Filter Include="02.GameObject\02.UI\02.HelpUI">
      <UniqueIdentifier>{61d2b2ae-a50f-48af-9e3d-7baa9894ffc0}</UniqueIdentifier>
    </Filter>
    <Filter Include="02.GameObject\02.UI\03.ExitUI">
      <UniqueIdentifier>{df143a32-3377-4431-a5a1-32cd114767f4}</UniqueIdentifier>
    </Filter>
    <Filter Include="01.Scene\03.Select">
      <UniqueIdentifier>{5052a1a1-5ba8-4766-ad4a-1fe9689e56d9}</UniqueIdentifier>
    </Filter>
    <Filter Include="96.Manager\06.SoundMgr">
      <UniqueIdentifier>{50f3e2dc-7cb0-40b0-a03b-723b671f32d0}</UniqueIdentifier>
    </Filter>
    <Filter Include="96.Manager\07.FontMgr">
      <UniqueIdentifier>{360ddbb1-2f25-4b27-8777-fab1a4b929ed}</UniqueIdentifier>
    </Filter>
    <Filter Include="02.GameObject\02.UI\04.SelectUI">
      <UniqueIdentifier>{dbdcc3a0-8383-47fa-b658-ab6bb5144020}</UniqueIdentifier>
    </Filter>
    <Filter Include="01.Scene\04.Edit">
      <UniqueIdentifier>{4cf9b4d1-49a7-494b-9500-6ff493b7dabd}</UniqueIdentifier>
    </Filter>
    <Filter Include="01.Scene\05.Stage">
      <UniqueIdentifier>{3de348c3-9b31-4a00-a052-38ffe198ca21}</UniqueIdentifier>
    </Filter>
    <Filter Include="02.GameObject\03.Tile">
      <UniqueIdentifier>{5570044b-5eff-43f3-bd59-7da28cc993fa}</UniqueIdentifier>
    </Filter>
    <Filter Include="96.Manager\08.TileMgr">
      <UniqueIdentifier>{929098e8-2f03-45b1-9cbb-ee55e69641d3}</UniqueIdentifier>
    </Filter>
    <Filter Include="02.GameObject\02.UI\05.OptionUI">
      <UniqueIdentifier>{cc8cc07b-3c55-4faf-926b-8fae8bcce48e}</UniqueIdentifier>
    </Filter>
    <Filter Include="96.Manager\09.UserMgr">
      <UniqueIdentifier>{fa5066c8-3610-405d-b370-a06afa61f46e}</UniqueIdentifier>
    </Filter>
    <Filter Include="96.Manager\10.FileMgr">
      <UniqueIdentifier>{a0beb844-92d1-4f6c-9531-56cdb9750ea5}</UniqueIdentifier>
    </Filter>
    <Filter Include="01.Scene\05.Stage\Stage1">
      <UniqueIdentifier>{1331d847-1c70-479f-9e1d-60673bd144fb}</UniqueIdentifier>
    </Filter>
    <Filter Include="01.Scene\05.Stage\Stage2">
      <UniqueIdentifier>{4270a2bf-3b15-4c45-bc58-3cd2cdcb37fd}</UniqueIdentifier>
    </Filter>
    <Filter Include="01.Scene\05.Stage\Stage3">
      <UniqueIdentifier>{d64808d6-d6d8-4c0f-9df7-ccd5db275ca9}</UniqueIdentifier>
    </Filter>
    <Filter Include="02.GameObject\02.UI\06.TowerUI">
      <UniqueIdentifier>{59f273d0-7b8d-4f76-a7fa-5e0706886c27}</UniqueIdentifier>
    </Filter>
    <Filter Include="02.GameObject\01.Actor\01.Tower\01.Gatling">
      <UniqueIdentifier>{fbfaca1a-26a7-439b-b695-53efd6b1a740}</UniqueIdentifier>
    </Filter>
    <Filter Include="02.GameObject\01.Actor\01.Tower\02.Goo">
      <UniqueIdentifier>{63d848de-7d5e-4d70-b85b-ae162f41d1c1}</UniqueIdentifier>
    </Filter>
    <Filter Include="02.GameObject\01.Actor\01.Tower\03.Flame">
      <UniqueIdentifier>{9140d37f-a2eb-444e-a92c-ea344d5e20b6}</UniqueIdentifier>
    </Filter>
    <Filter Include="02.GameObject\01.Actor\01.Tower\04.Mortar">
      <UniqueIdentifier>{0ee7788a-0fa9-4feb-a359-ac9287d52107}</UniqueIdentifier>
    </Filter>
    <Filter Include="02.GameObject\01.Actor\02.Enemy\01.Soldier">
      <UniqueIdentifier>{1c8cb036-2a92-47de-a152-dc1d269fdde7}</UniqueIdentifier>
    </Filter>
    <Filter Include="02.GameObject\01.Actor\02.Enemy\02.HeavySoldier">
      <UniqueIdentifier>{35d7b1e1-5b32-4c13-b6c1-5d811c6cccb5}</UniqueIdentifier>
    </Filter>
    <Filter Include="94.AStar">
      <UniqueIdentifier>{353adbd8-808e-426d-9b25-193f8805790a}</UniqueIdentifier>
    </Filter>
    <Filter Include="02.GameObject\01.Actor\02.Enemy\03.HeavyBike">
      <UniqueIdentifier>{3215aa92-51b9-4c29-b024-7c21ac12269d}</UniqueIdentifier>
    </Filter>
    <Filter Include="02.GameObject\01.Actor\02.Enemy\04.Robot">
      <UniqueIdentifier>{268a4bd4-2f8d-40dd-8006-d8a8a7db36c2}</UniqueIdentifier>
    </Filter>
    <Filter Include="02.GameObject\01.Actor\02.Enemy\05.Blimp">
      <UniqueIdentifier>{e623d1b4-f2c1-4fb8-97ea-bd31c95512cc}</UniqueIdentifier>
    </Filter>
    <Filter Include="02.GameObject\04.Overhang">
      <UniqueIdentifier>{e78111da-ef05-45e8-b5c0-9355196e0b2c}</UniqueIdentifier>
    </Filter>
    <Filter Include="02.GameObject\01.Actor\03.Bullet">
      <UniqueIdentifier>{102b5521-54da-4c0d-95fa-b7ff37fb5df5}</UniqueIdentifier>
    </Filter>
    <Filter Include="02.GameObject\01.Actor\03.Bullet\01.GooBullet">
      <UniqueIdentifier>{2a0ae422-6dfb-4696-8511-099957758855}</UniqueIdentifier>
    </Filter>
  </ItemGroup>
  <ItemGroup>
    <ClInclude Include="framework.h">
      <Filter>99.FrameWorkHeader</Filter>
    </ClInclude>
    <ClInclude Include="API_2D_Game_FieldRunner.h">
      <Filter>98.Default</Filter>
    </ClInclude>
    <ClInclude Include="Resource.h">
      <Filter>98.Default</Filter>
    </ClInclude>
    <ClInclude Include="targetver.h">
      <Filter>98.Default</Filter>
    </ClInclude>
    <ClInclude Include="MainGame.h">
      <Filter>00.MainGame</Filter>
    </ClInclude>
    <ClInclude Include="Scene.h">
      <Filter>01.Scene</Filter>
    </ClInclude>
    <ClInclude Include="GameObject.h">
      <Filter>02.GameObject</Filter>
    </ClInclude>
    <ClInclude Include="Const.h">
      <Filter>97.Headers</Filter>
    </ClInclude>
    <ClInclude Include="InsertBitMap.h">
      <Filter>97.Headers</Filter>
    </ClInclude>
    <ClInclude Include="BitMap.h">
      <Filter>96.Manager\01.BitMapMgr</Filter>
    </ClInclude>
    <ClInclude Include="External.h">
      <Filter>97.Headers</Filter>
    </ClInclude>
    <ClInclude Include="Define.h">
      <Filter>97.Headers</Filter>
    </ClInclude>
    <ClInclude Include="Template.h">
      <Filter>97.Headers</Filter>
    </ClInclude>
    <ClInclude Include="BmpManager.h">
      <Filter>96.Manager\01.BitMapMgr</Filter>
    </ClInclude>
    <ClInclude Include="LogoScene.h">
      <Filter>01.Scene\01.Logo</Filter>
    </ClInclude>
    <ClInclude Include="Struct.h">
      <Filter>97.Headers</Filter>
    </ClInclude>
    <ClInclude Include="SceneManager.h">
      <Filter>96.Manager\02.SceneMgr</Filter>
    </ClInclude>
    <ClInclude Include="AbstractFactory.h">
      <Filter>95.AbstractFactory</Filter>
    </ClInclude>
    <ClInclude Include="ObjectManager.h">
      <Filter>96.Manager\03.GameObjectMgr</Filter>
    </ClInclude>
    <ClInclude Include="KeyMouseManager.h">
      <Filter>96.Manager\04.KeyMouseMgr</Filter>
    </ClInclude>
    <ClInclude Include="Function.h">
      <Filter>97.Headers</Filter>
    </ClInclude>
    <ClInclude Include="TimeManager.h">
      <Filter>96.Manager\05.TimeMgr</Filter>
    </ClInclude>
    <ClInclude Include="Enum.h">
      <Filter>97.Headers</Filter>
    </ClInclude>
    <ClInclude Include="Actor.h">
      <Filter>02.GameObject\01.Actor</Filter>
    </ClInclude>
    <ClInclude Include="ButtonUI.h">
      <Filter>02.GameObject\02.UI</Filter>
    </ClInclude>
    <ClInclude Include="LogoUI.h">
      <Filter>02.GameObject\02.UI\01.LogoUI</Filter>
    </ClInclude>
    <ClInclude Include="Tower.h">
      <Filter>02.GameObject\01.Actor\01.Tower</Filter>
    </ClInclude>
    <ClInclude Include="HelpScene.h">
      <Filter>01.Scene\02Help</Filter>
    </ClInclude>
    <ClInclude Include="Enemy.h">
      <Filter>02.GameObject\01.Actor\02.Enemy</Filter>
    </ClInclude>
    <ClInclude Include="HelpUI.h">
      <Filter>02.GameObject\02.UI\02.HelpUI</Filter>
    </ClInclude>
    <ClInclude Include="ExitUI.h">
      <Filter>02.GameObject\02.UI\03.ExitUI</Filter>
    </ClInclude>
    <ClInclude Include="SelectScene.h">
      <Filter>01.Scene\03.Select</Filter>
    </ClInclude>
    <ClInclude Include="SoundManager.h">
      <Filter>96.Manager\06.SoundMgr</Filter>
    </ClInclude>
    <ClInclude Include="FontManager.h">
      <Filter>96.Manager\07.FontMgr</Filter>
    </ClInclude>
    <ClInclude Include="SelectUI.h">
      <Filter>02.GameObject\02.UI\04.SelectUI</Filter>
    </ClInclude>
    <ClInclude Include="EditScene.h">
      <Filter>01.Scene\04.Edit</Filter>
    </ClInclude>
    <ClInclude Include="Tile.h">
      <Filter>02.GameObject\03.Tile</Filter>
    </ClInclude>
    <ClInclude Include="TileManager.h">
      <Filter>96.Manager\08.TileMgr</Filter>
    </ClInclude>
    <ClInclude Include="OptionUI.h">
      <Filter>02.GameObject\02.UI\05.OptionUI</Filter>
    </ClInclude>
    <ClInclude Include="UserManager.h">
      <Filter>96.Manager\09.UserMgr</Filter>
    </ClInclude>
    <ClInclude Include="FileManager.h">
      <Filter>96.Manager\10.FileMgr</Filter>
    </ClInclude>
    <ClInclude Include="StageScene.h">
      <Filter>01.Scene\05.Stage</Filter>
    </ClInclude>
    <ClInclude Include="GrasslandsScene.h">
      <Filter>01.Scene\05.Stage\Stage1</Filter>
    </ClInclude>
    <ClInclude Include="VolcanoScene.h">
      <Filter>01.Scene\05.Stage\Stage2</Filter>
    </ClInclude>
    <ClInclude Include="CaveScene.h">
      <Filter>01.Scene\05.Stage\Stage3</Filter>
    </ClInclude>
    <ClInclude Include="TowerUI.h">
      <Filter>02.GameObject\02.UI\06.TowerUI</Filter>
    </ClInclude>
    <ClInclude Include="Gatling.h">
      <Filter>02.GameObject\01.Actor\01.Tower\01.Gatling</Filter>
    </ClInclude>
    <ClInclude Include="Goo.h">
      <Filter>02.GameObject\01.Actor\01.Tower\02.Goo</Filter>
    </ClInclude>
    <ClInclude Include="Mortar.h">
      <Filter>02.GameObject\01.Actor\01.Tower\04.Mortar</Filter>
    </ClInclude>
    <ClInclude Include="Flame.h">
      <Filter>02.GameObject\01.Actor\01.Tower\03.Flame</Filter>
    </ClInclude>
    <ClInclude Include="Soldier.h">
      <Filter>02.GameObject\01.Actor\02.Enemy\01.Soldier</Filter>
    </ClInclude>
    <ClInclude Include="HeavySoldier.h">
      <Filter>02.GameObject\01.Actor\02.Enemy\02.HeavySoldier</Filter>
    </ClInclude>
    <ClInclude Include="AStar.h">
      <Filter>94.AStar</Filter>
    </ClInclude>
    <ClInclude Include="HeavyBike.h">
      <Filter>02.GameObject\01.Actor\02.Enemy\03.HeavyBike</Filter>
    </ClInclude>
    <ClInclude Include="Robot.h">
      <Filter>02.GameObject\01.Actor\02.Enemy\04.Robot</Filter>
    </ClInclude>
    <ClInclude Include="Blimp.h">
      <Filter>02.GameObject\01.Actor\02.Enemy\05.Blimp</Filter>
    </ClInclude>
    <ClInclude Include="Overhang.h">
      <Filter>02.GameObject\04.Overhang</Filter>
    </ClInclude>
    <ClInclude Include="Bullet.h">
      <Filter>02.GameObject\01.Actor\03.Bullet</Filter>
    </ClInclude>
    <ClInclude Include="GooBullet.h">
      <Filter>02.GameObject\01.Actor\03.Bullet\01.GooBullet</Filter>
    </ClInclude>
  </ItemGroup>
  <ItemGroup>
    <Image Include="API_2D_Game_FieldRunner.ico">
      <Filter>98.Default</Filter>
    </Image>
    <Image Include="small.ico">
      <Filter>98.Default</Filter>
    </Image>
  </ItemGroup>
  <ItemGroup>
    <ResourceCompile Include="API_2D_Game_FieldRunner.rc">
      <Filter>98.Default</Filter>
    </ResourceCompile>
  </ItemGroup>
  <ItemGroup>
    <ClCompile Include="API_2D_Game_FieldRunner.cpp">
      <Filter>98.Default</Filter>
    </ClCompile>
    <ClCompile Include="MainGame.cpp">
      <Filter>00.MainGame</Filter>
    </ClCompile>
    <ClCompile Include="Scene.cpp">
      <Filter>01.Scene</Filter>
    </ClCompile>
    <ClCompile Include="GameObject.cpp">
      <Filter>02.GameObject</Filter>
    </ClCompile>
    <ClCompile Include="BitMap.cpp">
      <Filter>96.Manager\01.BitMapMgr</Filter>
    </ClCompile>
    <ClCompile Include="BmpManager.cpp">
      <Filter>96.Manager\01.BitMapMgr</Filter>
    </ClCompile>
    <ClCompile Include="LogoScene.cpp">
      <Filter>01.Scene\01.Logo</Filter>
    </ClCompile>
    <ClCompile Include="SceneManager.cpp">
      <Filter>96.Manager\02.SceneMgr</Filter>
    </ClCompile>
    <ClCompile Include="ObjectManager.cpp">
      <Filter>96.Manager\03.GameObjectMgr</Filter>
    </ClCompile>
    <ClCompile Include="KeyMouseManager.cpp">
      <Filter>96.Manager\04.KeyMouseMgr</Filter>
    </ClCompile>
    <ClCompile Include="TimeManager.cpp">
      <Filter>96.Manager\05.TimeMgr</Filter>
    </ClCompile>
    <ClCompile Include="Actor.cpp">
      <Filter>02.GameObject\01.Actor</Filter>
    </ClCompile>
    <ClCompile Include="ButtonUI.cpp">
      <Filter>02.GameObject\02.UI</Filter>
    </ClCompile>
    <ClCompile Include="LogoUI.cpp">
      <Filter>02.GameObject\02.UI\01.LogoUI</Filter>
    </ClCompile>
    <ClCompile Include="Tower.cpp">
      <Filter>02.GameObject\01.Actor\01.Tower</Filter>
    </ClCompile>
    <ClCompile Include="HelpScene.cpp">
      <Filter>01.Scene\02Help</Filter>
    </ClCompile>
    <ClCompile Include="Enemy.cpp">
      <Filter>02.GameObject\01.Actor\02.Enemy</Filter>
    </ClCompile>
    <ClCompile Include="HelpUI.cpp">
      <Filter>02.GameObject\02.UI\02.HelpUI</Filter>
    </ClCompile>
    <ClCompile Include="ExitUI.cpp">
      <Filter>02.GameObject\02.UI\03.ExitUI</Filter>
    </ClCompile>
    <ClCompile Include="SelectScene.cpp">
      <Filter>01.Scene\03.Select</Filter>
    </ClCompile>
    <ClCompile Include="SoundManager.cpp">
      <Filter>96.Manager\06.SoundMgr</Filter>
    </ClCompile>
    <ClCompile Include="FontManager.cpp">
      <Filter>96.Manager\07.FontMgr</Filter>
    </ClCompile>
    <ClCompile Include="SelectUI.cpp">
      <Filter>02.GameObject\02.UI\04.SelectUI</Filter>
    </ClCompile>
    <ClCompile Include="EditScene.cpp">
      <Filter>01.Scene\04.Edit</Filter>
    </ClCompile>
    <ClCompile Include="Tile.cpp">
      <Filter>02.GameObject\03.Tile</Filter>
    </ClCompile>
    <ClCompile Include="TileManager.cpp">
      <Filter>96.Manager\08.TileMgr</Filter>
    </ClCompile>
    <ClCompile Include="OptionUI.cpp">
      <Filter>02.GameObject\02.UI\05.OptionUI</Filter>
    </ClCompile>
    <ClCompile Include="UserManager.cpp">
      <Filter>96.Manager\09.UserMgr</Filter>
    </ClCompile>
    <ClCompile Include="FileManager.cpp">
      <Filter>96.Manager\10.FileMgr</Filter>
    </ClCompile>
    <ClCompile Include="StageScene.cpp">
      <Filter>01.Scene\05.Stage</Filter>
    </ClCompile>
    <ClCompile Include="GrasslandsScene.cpp">
      <Filter>01.Scene\05.Stage\Stage1</Filter>
    </ClCompile>
    <ClCompile Include="VolcanoScene.cpp">
      <Filter>01.Scene\05.Stage\Stage2</Filter>
    </ClCompile>
    <ClCompile Include="CaveScene.cpp">
      <Filter>01.Scene\05.Stage\Stage3</Filter>
    </ClCompile>
    <ClCompile Include="TowerUI.cpp">
      <Filter>02.GameObject\02.UI\06.TowerUI</Filter>
    </ClCompile>
    <ClCompile Include="Gatling.cpp">
      <Filter>02.GameObject\01.Actor\01.Tower\01.Gatling</Filter>
    </ClCompile>
    <ClCompile Include="Goo.cpp">
      <Filter>02.GameObject\01.Actor\01.Tower\02.Goo</Filter>
    </ClCompile>
    <ClCompile Include="Mortar.cpp">
      <Filter>02.GameObject\01.Actor\01.Tower\04.Mortar</Filter>
    </ClCompile>
    <ClCompile Include="Flame.cpp">
      <Filter>02.GameObject\01.Actor\01.Tower\03.Flame</Filter>
    </ClCompile>
    <ClCompile Include="Soldier.cpp">
      <Filter>02.GameObject\01.Actor\02.Enemy\01.Soldier</Filter>
    </ClCompile>
    <ClCompile Include="HeavySoldier.cpp">
      <Filter>02.GameObject\01.Actor\02.Enemy\02.HeavySoldier</Filter>
    </ClCompile>
    <ClCompile Include="AStar.cpp">
      <Filter>94.AStar</Filter>
    </ClCompile>
    <ClCompile Include="HeavyBike.cpp">
      <Filter>02.GameObject\01.Actor\02.Enemy\03.HeavyBike</Filter>
    </ClCompile>
    <ClCompile Include="Robot.cpp">
      <Filter>02.GameObject\01.Actor\02.Enemy\04.Robot</Filter>
    </ClCompile>
    <ClCompile Include="Blimp.cpp">
      <Filter>02.GameObject\01.Actor\02.Enemy\05.Blimp</Filter>
    </ClCompile>
    <ClCompile Include="Overhang.cpp">
      <Filter>02.GameObject\04.Overhang</Filter>
    </ClCompile>
    <ClCompile Include="Bullet.cpp">
      <Filter>02.GameObject\01.Actor\03.Bullet</Filter>
    </ClCompile>
    <ClCompile Include="GooBullet.cpp">
      <Filter>02.GameObject\01.Actor\03.Bullet\01.GooBullet</Filter>
    </ClCompile>
  </ItemGroup>
</Project>